{
  "name": "bounded-agent-runtime",
  "version": "0.4.0",
  "lockfileVersion": 3,
  "requires": true,
  "packages": {
    "": {
      "name": "bounded-agent-runtime",
      "version": "0.4.0",
      "license": "Apache-2.0",
      "bin": {
        "bar": "bin/bar.mjs"
      },
      "engines": {
        "node": ">=20"
      }
    }
  }
}
